Microsoft Visual Studio Solution File, Format Version 12.00
# Visual Studio Version 17
VisualStudioVersion = 17.5.2.0
MinimumVisualStudioVersion = 10.0.40219.1
Project("{FAE04EC0-301F-11D3-BF4B-00C04F79EFBC}") = "P2AssetCacher", "P2AssetCacher.csproj", "{D4F58448-4B1A-CB20-999B-4F4DE68289BA}"
EndProject
Global
	GlobalSection(SolutionConfigurationPlatforms) = preSolution
		Debug|Any CPU = Debug|Any CPU
		Release|Any CPU = Release|Any CPU
	EndGlobalSection
	GlobalSection(ProjectConfigurationPlatforms) = postSolution
		{D4F58448-4B1A-CB20-999B-4F4DE68289BA}.Debug|Any CPU.ActiveCfg = Debug|Any CPU
		{D4F58448-4B1A-CB20-999B-4F4DE68289BA}.Debug|Any CPU.Build.0 = Debug|Any CPU
		{D4F58448-4B1A-CB20-999B-4F4DE68289BA}.Release|Any CPU.ActiveCfg = Release|Any CPU
		{D4F58448-4B1A-CB20-999B-4F4DE68289BA}.Release|Any CPU.Build.0 = Release|Any CPU
	EndGlobalSection
	GlobalSection(SolutionProperties) = preSolution
		HideSolutionNode = FALSE
	EndGlobalSection
	GlobalSection(ExtensibilityGlobals) = postSolution
		SolutionGuid = {3824E114-6289-4F3D-8498-D0B47DA9741B}
	EndGlobalSection
EndGlobal
